<?xml version="1.0" encoding="utf-8"?>
<Project ToolsVersion="4.0" xmlns="http://schemas.microsoft.com/developer/msbuild/2003">
  <ItemGroup>
    <Filter Include="源文件">
      <UniqueIdentifier>{4FC737F1-C7A5-4376-A066-2A32D752A2FF}</UniqueIdentifier>
      <Extensions>cpp;c;cc;cxx;c++;cppm;ixx;def;odl;idl;hpj;bat;asm;asmx</Extensions>
    </Filter>
    <Filter Include="头文件">
      <UniqueIdentifier>{93995380-89BD-4b04-88EB-625FBE52EBFB}</UniqueIdentifier>
      <Extensions>h;hh;hpp;hxx;h++;hm;inl;inc;ipp;xsd</Extensions>
    </Filter>
    <Filter Include="资源文件">
      <UniqueIdentifier>{67DA6AB6-F800-4c08-8B7A-83BB121AAD01}</UniqueIdentifier>
      <Extensions>rc;ico;cur;bmp;dlg;rc2;rct;bin;rgs;gif;jpg;jpeg;jpe;resx;tiff;tif;png;wav;mfcribbon-ms</Extensions>
    </Filter>
  </ItemGroup>
  <ItemGroup>
    <ClCompile Include="src\01_BasicOpenGL\ver1.cpp">
      <Filter>源文件</Filter>
    </ClCompile>
    <ClCompile Include="src\glad.c">
      <Filter>源文件</Filter>
    </ClCompile>
    <ClCompile Include="src\Shader.cpp">
      <Filter>源文件</Filter>
    </ClCompile>
    <ClCompile Include="src\01_BasicOpenGL\ver2.cpp">
      <Filter>源文件</Filter>
    </ClCompile>
    <ClCompile Include="src\01_BasicOpenGL\源_tex.cpp">
      <Filter>源文件</Filter>
    </ClCompile>
    <ClCompile Include="src\01_BasicOpenGL\ver3_texture.cpp">
      <Filter>源文件</Filter>
    </ClCompile>
    <ClCompile Include="src\01_BasicOpenGL\ver4_coordinate.cpp">
      <Filter>源文件</Filter>
    </ClCompile>
    <ClCompile Include="src\01_BasicOpenGL\Test.cpp">
      <Filter>源文件</Filter>
    </ClCompile>
    <ClCompile Include="src\01_BasicOpenGL\ver5_camera.cpp">
      <Filter>源文件</Filter>
    </ClCompile>
    <ClCompile Include="src\Camera.cpp">
      <Filter>源文件</Filter>
    </ClCompile>
    <ClCompile Include="src\02_BasicLight\Light_ver1.cpp">
      <Filter>源文件</Filter>
    </ClCompile>
    <ClCompile Include="src\02_BasicLight\Light_ver2--Material.cpp">
      <Filter>源文件</Filter>
    </ClCompile>
    <ClCompile Include="src\02_BasicLight\Light_ver3--LightTexture.cpp">
      <Filter>源文件</Filter>
    </ClCompile>
    <ClCompile Include="src\02_BasicLight\Light_ver5--Multiple lights.cpp">
      <Filter>源文件</Filter>
    </ClCompile>
    <ClCompile Include="src\02_BasicLight\Light_ver4--Light-casters-dot.cpp">
      <Filter>源文件</Filter>
    </ClCompile>
    <ClCompile Include="src\02_BasicLight\Light_ver4--Light-casters-parallel.cpp">
      <Filter>源文件</Filter>
    </ClCompile>
    <ClCompile Include="src\02_BasicLight\Light_ver4--Light-casters-spotlight.cpp">
      <Filter>源文件</Filter>
    </ClCompile>
    <ClCompile Include="src\Mesh.cpp">
      <Filter>源文件</Filter>
    </ClCompile>
    <ClCompile Include="src\Model\model_ver1_Model_backpack.cpp">
      <Filter>源文件</Filter>
    </ClCompile>
    <ClCompile Include="src\Model\model_ver2_Light_combine.cpp">
      <Filter>源文件</Filter>
    </ClCompile>
    <ClCompile Include="src\Model\model_ver3_Light_combine.cpp">
      <Filter>源文件</Filter>
    </ClCompile>
    <ClCompile Include="src\04_AdvancedOpenGL\The four_Depth\Depth_Test1.0.cpp">
      <Filter>源文件</Filter>
    </ClCompile>
    <ClCompile Include="src\04_AdvancedOpenGL\The four_Stencil\Depth_Stencil1.0.cpp">
      <Filter>源文件</Filter>
    </ClCompile>
    <ClCompile Include="src\04_AdvancedOpenGL\The four_Stencil\Depth_Stencil2.0.cpp">
      <Filter>源文件</Filter>
    </ClCompile>
    <ClCompile Include="src\04_AdvancedOpenGL\The four 混合—Alpha\Blending1.0.cpp">
      <Filter>源文件</Filter>
    </ClCompile>
    <ClCompile Include="src\04_AdvancedOpenGL\The four 混合—Alpha\Blending2.0.cpp">
      <Filter>源文件</Filter>
    </ClCompile>
    <ClCompile Include="src\04_AdvancedOpenGL\Faceculling.cpp">
      <Filter>源文件</Filter>
    </ClCompile>
    <ClCompile Include="src\04_AdvancedOpenGL\FrameBuffer\Framebuffers.cpp">
      <Filter>源文件</Filter>
    </ClCompile>
    <ClCompile Include="src\04_AdvancedOpenGL\FrameBuffer\Framebuffers2.0.cpp">
      <Filter>源文件</Filter>
    </ClCompile>
    <ClCompile Include="src\SkyBox\cubeMap_SkyBox.cpp">
      <Filter>源文件</Filter>
    </ClCompile>
    <ClCompile Include="src\SkyBox\cubeMap_SkyBox_Model.cpp">
      <Filter>源文件</Filter>
    </ClCompile>
    <ClCompile Include="src\SkyBox\fail_cubeMap_SkyBox_move.cpp">
      <Filter>源文件</Filter>
    </ClCompile>
    <ClCompile Include="src\04_AdvancedOpenGL\Geometry\Advanced GLSL.cpp">
      <Filter>源文件</Filter>
    </ClCompile>
    <ClCompile Include="src\04_AdvancedOpenGL\Geometry\GeometryShader.cpp">
      <Filter>源文件</Filter>
    </ClCompile>
    <ClCompile Include="src\04_AdvancedOpenGL\Geometry\BoomModel.cpp">
      <Filter>源文件</Filter>
    </ClCompile>
    <ClCompile Include="src\04_AdvancedOpenGL\Geometry\NormalModel.cpp">
      <Filter>源文件</Filter>
    </ClCompile>
    <ClCompile Include="src\03_Model\model_ver1_Model_backpack.cpp">
      <Filter>源文件</Filter>
    </ClCompile>
    <ClCompile Include="src\03_Model\model_ver2_Light_combine.cpp">
      <Filter>源文件</Filter>
    </ClCompile>
    <ClCompile Include="src\03_Model\model_ver3_Light_combine.cpp">
      <Filter>源文件</Filter>
    </ClCompile>
    <ClCompile Include="src\04_AdvancedOpenGL\Blending1.0.cpp">
      <Filter>源文件</Filter>
    </ClCompile>
    <ClCompile Include="src\04_AdvancedOpenGL\Blending2.0.cpp">
      <Filter>源文件</Filter>
    </ClCompile>
    <ClCompile Include="src\04_AdvancedOpenGL\The four_Stencil\Framebuffers2.0.cpp">
      <Filter>源文件</Filter>
    </ClCompile>
    <ClCompile Include="src\04_AdvancedOpenGL\Framebuffers.cpp">
      <Filter>源文件</Filter>
    </ClCompile>
    <ClCompile Include="src\04_AdvancedOpenGL\Instancing\Instancing.cpp">
      <Filter>源文件</Filter>
    </ClCompile>
    <ClCompile Include="src\04_AdvancedOpenGL\Instancing\Instancing2.0_stars.cpp">
      <Filter>源文件</Filter>
    </ClCompile>
    <ClCompile Include="src\04_AdvancedOpenGL\Instancing\Instancing3.0_galaxy.cpp">
      <Filter>源文件</Filter>
    </ClCompile>
    <ClCompile Include="src\04_AdvancedOpenGL\Instancing\Instancing4.0_SunStar.cpp">
      <Filter>源文件</Filter>
    </ClCompile>
    <ClCompile Include="src\05_AdvancedLighting\Shadow\Shadow1.0.cpp">
      <Filter>源文件</Filter>
    </ClCompile>
    <ClCompile Include="src\05_AdvancedLighting\Shadow\Shadow2.0.cpp">
      <Filter>源文件</Filter>
    </ClCompile>
    <ClCompile Include="src\05_AdvancedLighting\Shadow\Shadow3.0.cpp">
      <Filter>源文件</Filter>
    </ClCompile>
    <ClCompile Include="src\05_AdvancedLighting\Billing_Phong\AdvancedLighting.cpp">
      <Filter>源文件</Filter>
    </ClCompile>
    <ClCompile Include="src\05_AdvancedLighting\Billing_Phong\AdvancedLighting2.0.cpp">
      <Filter>源文件</Filter>
    </ClCompile>
    <ClCompile Include="src\05_AdvancedLighting\GammaCorrection\GammaCorrection.cpp">
      <Filter>源文件</Filter>
    </ClCompile>
    <ClCompile Include="src\05_AdvancedLighting\NormalMap\NormalMap.cpp">
      <Filter>源文件</Filter>
    </ClCompile>
    <ClCompile Include="src\05_AdvancedLighting\NormalMap\NormalMap_Model.cpp">
      <Filter>源文件</Filter>
    </ClCompile>
    <ClCompile Include="src\05_AdvancedLighting\ParallaxMap\ParallaxMap.cpp">
      <Filter>源文件</Filter>
    </ClCompile>
    <ClCompile Include="src\05_AdvancedLighting\ParallaxMap\ParallaxMap2.0.cpp">
      <Filter>源文件</Filter>
    </ClCompile>
    <ClCompile Include="src\Camera_ver2.cpp">
      <Filter>源文件</Filter>
    </ClCompile>
    <ClCompile Include="src\BezierCurve.cpp">
      <Filter>源文件</Filter>
    </ClCompile>
    <ClCompile Include="src\Model.cpp">
      <Filter>源文件</Filter>
    </ClCompile>
    <ClCompile Include="src\SpaceShip\SpaceShip.cpp">
      <Filter>源文件</Filter>
    </ClCompile>
    <ClCompile Include="src\SpaceShip\SpaceShip2.0.cpp">
      <Filter>源文件</Filter>
    </ClCompile>
    <ClCompile Include="src\SpaceShip\SpaceShip3.0.cpp">
      <Filter>源文件</Filter>
    </ClCompile>
    <ClCompile Include="src\SpaceShip4.0.cpp">
      <Filter>源文件</Filter>
    </ClCompile>
    <ClCompile Include="src\HDR.cpp">
      <Filter>源文件</Filter>
    </ClCompile>
    <ClCompile Include="src\SpaceShip5.0.cpp">
      <Filter>源文件</Filter>
    </ClCompile>
    <ClCompile Include="src\SpaceShip5.0_ds_method.cpp">
      <Filter>源文件</Filter>
    </ClCompile>
    <ClCompile Include="src\SpaceShip5.0_my_method.cpp">
      <Filter>源文件</Filter>
    </ClCompile>
    <ClCompile Include="src\Shadow4.0.cpp">
      <Filter>源文件</Filter>
    </ClCompile>
  </ItemGroup>
  <ItemGroup>
    <ClInclude Include="src\Shader.h">
      <Filter>头文件</Filter>
    </ClInclude>
    <ClInclude Include="src\Camera.h">
      <Filter>头文件</Filter>
    </ClInclude>
    <ClInclude Include="src\Mesh.h">
      <Filter>头文件</Filter>
    </ClInclude>
    <ClInclude Include="src\Camera_ver2.h">
      <Filter>头文件</Filter>
    </ClInclude>
    <ClInclude Include="src\BezierCurve.h">
      <Filter>头文件</Filter>
    </ClInclude>
    <ClInclude Include="src\Model.h">
      <Filter>头文件</Filter>
    </ClInclude>
  </ItemGroup>
  <ItemGroup>
    <None Include="res\shader\TheFourShader\TheFirstShader_Basic\vertexShader.shader" />
    <None Include="res\shader\TheFourShader\TheFirstShader_Basic\fragmentShader.shader" />
    <None Include="res\shader\LightShader\ver_color.shader" />
    <None Include="res\shader\LightShader\frag_color.shader" />
    <None Include="res\shader\LightShader\ver_light_cube.shader" />
    <None Include="res\shader\LightShader\frag_light_cube.shader" />
    <None Include="res\shader\LightShader\2.0_frag_color.shader" />
    <None Include="res\shader\LightShader\2.0_ver_color.shader" />
    <None Include="res\shader\ModelShader\model_frag2.0.shader" />
    <None Include="res\shader\ModelShader\model_ver2.0.shader" />
    <None Include="res\shader\TheSecondShader\frag_color.shader" />
    <None Include="res\shader\TheSecondShader\ver_color.shader" />
    <None Include="res\model\backpack\backpack.mtl" />
    <None Include="res\shader\TheFourShader_depth_stencil\deeptest_frag1.0.shader" />
    <None Include="res\shader\TheFourShader_depth_stencil\deeptest_ver1.0.shader" />
    <None Include="res\shader\TheFourShader_depth_stencil\stencil_ver.shader" />
    <None Include="res\shader\TheFourShader_depth_stencil\stencil_frag.shader" />
    <None Include="res\shader\FrameBuffersShader\framebuffers_screen_ver.shader" />
    <None Include="res\shader\FrameBuffersShader\framebuffers_screen_frag.shader" />
    <None Include="res\shader\CubeMapsShader\cubeMap_ver.shader" />
    <None Include="res\shader\CubeMapsShader\cubeMap_frag.shader" />
    <None Include="res\shader\SkyBoxShader\SkyBox_ver.shader" />
    <None Include="res\shader\SkyBoxShader\SkyBox_frag.shader" />
    <None Include="res\shader\DeeptestShader\deeptest_frag1.0.shader" />
    <None Include="res\shader\DeeptestShader\deeptest_ver1.0.shader" />
    <None Include="res\shader\Advanced_GLSL\redver.shader" />
    <None Include="res\shader\Advanced_GLSL\redfrag.shader" />
    <None Include="res\shader\Advanced_GLSL\greenver.shader" />
    <None Include="res\shader\Advanced_GLSL\greenfrag.shader" />
    <None Include="res\shader\Advanced_GLSL\bluefrag.shader" />
    <None Include="res\shader\Advanced_GLSL\bluever.shader" />
    <None Include="res\shader\Advanced_GLSL\yellowfrag.shader" />
    <None Include="res\shader\Advanced_GLSL\yellowver.shader" />
    <None Include="res\shader\GeometryShader\ver.shader" />
    <None Include="res\shader\GeometryShader\frag.shader" />
    <None Include="res\shader\GeometryShader\geo.shader" />
    <None Include="res\shader\ModelShader\model_frag1.0.shader" />
    <None Include="res\shader\ModelShader\model_ver1.0.shader" />
    <None Include="res\shader\InstancingShader\instancingVER.shader" />
    <None Include="res\shader\InstancingShader\instancingFRAG.shader" />
    <None Include="res\model\planet\planet.mtl" />
    <None Include="res\model\rock\rock.mtl" />
    <None Include="res\shader\ShadowShader\debug_quad_frag.shader" />
    <None Include="res\shader\ShadowShader\debug_quad_ver.shader" />
    <None Include="res\shader\ShadowShader\map_depth_frag.shader" />
    <None Include="res\shader\ShadowShader\map_depth_ver.shader" />
    <None Include="res\shader\ShadowShader\shadow_mapping_frag.shader" />
    <None Include="res\shader\ShadowShader\shadow_mapping_ver.shader" />
    <None Include="res\shader\InstancingShader\aster_frag.shader" />
    <None Include="res\shader\InstancingShader\aster_ver.shader" />
    <None Include="res\shader\StarShader\StarList\star_core_frag.shader" />
    <None Include="res\shader\StarShader\StarList\star_core_ver.shader" />
    <None Include="res\shader\StarShader\StarList\star_corona_frag.shader" />
    <None Include="res\shader\StarShader\StarList\star_corona_ver.shader" />
    <None Include="res\shader\StarShader\StarList\star_glow_frag.shader" />
    <None Include="res\shader\StarShader\StarList\star_glow_ver.shader" />
    <None Include="res\shader\StarShader\star_frag.shader" />
    <None Include="res\shader\StarShader\star_ver.shader" />
    <None Include="res\shader\TheFourShader\deeptest_frag1.0.shader" />
    <None Include="res\shader\TheFourShader\deeptest_ver1.0.shader" />
    <None Include="res\shader\TheFourShader\stencil_frag.shader" />
    <None Include="res\shader\TheFourShader\stencil_ver.shader" />
    <None Include="res\shader\ShadowShader\point_shadow\point_shadow_ver.shader" />
    <None Include="res\shader\ShadowShader\point_shadow\point_shadow_frag.shader" />
    <None Include="res\shader\ShadowShader\point_shadow\depth_point_ver.shader" />
    <None Include="res\shader\ShadowShader\point_shadow\depth_point_frag.shader" />
    <None Include="res\shader\ShadowShader\point_shadow\depth_point_geo.shader" />
    <None Include="res\shader\Advanced_lighting\Blinn\advanced_lightingVER1.0.shader" />
    <None Include="res\shader\Advanced_lighting\Blinn\advanced_lightingFRAG1.0.shader" />
    <None Include="res\shader\Advanced_lighting\Blinn\advanced_lightingVER2.0.shader" />
    <None Include="res\shader\Advanced_lighting\Blinn\advanced_lightingFRAG2.0.shader" />
    <None Include="res\shader\ModelShader\model_frag3.0.shader" />
    <None Include="res\shader\ModelShader\model_ver3.0.shader" />
    <None Include="res\shader\Advanced_lighting\Gamma\GammaVER1.0.shader" />
    <None Include="res\shader\Advanced_lighting\Gamma\GammaFRAG1.0.shader" />
    <None Include="res\shader\Advanced_lighting\NormalMap\Normal_ver.shader" />
    <None Include="res\shader\Advanced_lighting\NormalMap\Normal_frag.shader" />
    <None Include="res\shader\Advanced_lighting\NormalMap\Normal_ver2.0.shader" />
    <None Include="res\shader\Advanced_lighting\NormalMap\Normal_frag2.0.shader" />
    <None Include="res\shader\ModelShader\model_frag.shader" />
    <None Include="res\shader\ModelShader\model_ver.shader" />
    <None Include="res\shader\Advanced_lighting\Parallax\Parallax_frag.shader" />
    <None Include="res\shader\Advanced_lighting\Parallax\Parallax_ver.shader" />
    <None Include="res\shader\Advanced_lighting\Parallax\Parallax_frag2.0.shader" />
    <None Include="res\shader\Advanced_lighting\Parallax\Parallax_ver2.0.shader" />
    <None Include="res\shader\test_ver.shader" />
    <None Include="res\shader\test_frag.shader" />
    <None Include="res\shader\StarShader\StarList2.0\corona_ver.shader" />
    <None Include="res\shader\StarShader\StarList2.0\corona_frag.shader" />
    <None Include="res\shader\StarShader\StarList2.0\glow_ver.shader" />
    <None Include="res\shader\StarShader\StarList2.0\glow_frag.shader" />
    <None Include="res\shader\StarShader\StarList2.0\core_ver.shader" />
    <None Include="res\shader\StarShader\StarList2.0\core_frag.shader" />
    <None Include="res\shader\StarShader\StarList2.0\corona_quad_ver.shader" />
    <None Include="res\shader\StarShader\StarList2.0\corona_quad_frag.shader" />
    <None Include="res\shader\BloomShaders\bright_pass_ver.shader" />
    <None Include="res\shader\BloomShaders\bright_pass_frag.shader" />
    <None Include="res\shader\BloomShaders\composite_ver.shader" />
    <None Include="res\shader\BloomShaders\composite_frag.shader" />
    <None Include="res\shader\BloomShaders\blur_frag.shader" />
    <None Include="res\shader\BloomShaders\blur_ver.shader" />
    <None Include="res\shader\LensFlareShader\lens_flare_ver.shader" />
    <None Include="res\shader\LensFlareShader\lens_flare_frag.shader" />
    <None Include="res\shader\HDR\hdr_lighting_ver.shader" />
    <None Include="res\shader\HDR\hdr_lighting_frag.shader" />
    <None Include="res\shader\HDR\hdr_ver.shader" />
    <None Include="res\shader\HDR\hdr_frag.shader" />
    <None Include="res\shader\BloomShaders\composite_frag2.0.shader" />
    <None Include="res\shader\StarShader\StarList2.0\core_frag2.0.shader" />
    <None Include="res\shader\StarShader\StarList2.0\corona_frag2.0.shader" />
    <None Include="res\shader\StarShader\StarList2.0\corona_quad_frag2.0.shader" />
    <None Include="res\shader\InstancingShader\aster_frag2.0.shader" />
    <None Include="res\shader\InstancingShader\instancingFRAG2.0.shader" />
  </ItemGroup>
  <ItemGroup>
    <Image Include="res\texture\container.jpg">
      <Filter>资源文件</Filter>
    </Image>
    <Image Include="res\texture\awesomeface.png">
      <Filter>资源文件</Filter>
    </Image>
    <Image Include="res\texture\container2.png">
      <Filter>资源文件</Filter>
    </Image>
    <Image Include="res\texture\container2_specular.png">
      <Filter>资源文件</Filter>
    </Image>
    <Image Include="res\texture\lighting_maps_specular_color.png">
      <Filter>资源文件</Filter>
    </Image>
    <Image Include="res\model\backpack\ao.jpg">
      <Filter>资源文件</Filter>
    </Image>
    <Image Include="res\model\backpack\diffuse.jpg">
      <Filter>资源文件</Filter>
    </Image>
    <Image Include="res\model\backpack\normal.png">
      <Filter>资源文件</Filter>
    </Image>
    <Image Include="res\model\backpack\roughness.jpg">
      <Filter>资源文件</Filter>
    </Image>
    <Image Include="res\model\backpack\specular.jpg">
      <Filter>资源文件</Filter>
    </Image>
    <Image Include="res\texture\floor.jpg">
      <Filter>资源文件</Filter>
    </Image>
    <Image Include="res\texture\marbel.jpg">
      <Filter>资源文件</Filter>
    </Image>
    <Image Include="res\texture\matrix.jpg">
      <Filter>资源文件</Filter>
    </Image>
    <Image Include="res\texture\grass.png">
      <Filter>资源文件</Filter>
    </Image>
    <Image Include="res\texture\window.png">
      <Filter>资源文件</Filter>
    </Image>
    <Image Include="res\texture\skybox\back.jpg">
      <Filter>资源文件</Filter>
    </Image>
    <Image Include="res\texture\skybox\bottom.jpg">
      <Filter>资源文件</Filter>
    </Image>
    <Image Include="res\texture\skybox\front.jpg">
      <Filter>资源文件</Filter>
    </Image>
    <Image Include="res\texture\skybox\left.jpg">
      <Filter>资源文件</Filter>
    </Image>
    <Image Include="res\texture\skybox\right.jpg">
      <Filter>资源文件</Filter>
    </Image>
    <Image Include="res\texture\skybox\top.jpg">
      <Filter>资源文件</Filter>
    </Image>
    <Image Include="res\texture\space\back.png">
      <Filter>资源文件</Filter>
    </Image>
    <Image Include="res\texture\space\bottom.png">
      <Filter>资源文件</Filter>
    </Image>
    <Image Include="res\texture\space\front.png">
      <Filter>资源文件</Filter>
    </Image>
    <Image Include="res\texture\space\left.png">
      <Filter>资源文件</Filter>
    </Image>
    <Image Include="res\texture\space\right.png">
      <Filter>资源文件</Filter>
    </Image>
    <Image Include="res\texture\space\top.png">
      <Filter>资源文件</Filter>
    </Image>
    <Image Include="res\model\planet\planet_Quom1200.png">
      <Filter>资源文件</Filter>
    </Image>
    <Image Include="res\model\rock\Rock-Texture-Surface.jpg">
      <Filter>资源文件</Filter>
    </Image>
    <Image Include="res\texture\M-31\back.png">
      <Filter>资源文件</Filter>
    </Image>
    <Image Include="res\texture\M-31\bottom.png">
      <Filter>资源文件</Filter>
    </Image>
    <Image Include="res\texture\M-31\front.png">
      <Filter>资源文件</Filter>
    </Image>
    <Image Include="res\texture\M-31\left.png">
      <Filter>资源文件</Filter>
    </Image>
    <Image Include="res\texture\M-31\right.png">
      <Filter>资源文件</Filter>
    </Image>
    <Image Include="res\texture\M-31\top.png">
      <Filter>资源文件</Filter>
    </Image>
    <Image Include="res\texture\spacefox\back.png">
      <Filter>资源文件</Filter>
    </Image>
    <Image Include="res\texture\spacefox\bottom.png">
      <Filter>资源文件</Filter>
    </Image>
    <Image Include="res\texture\spacefox\front.png">
      <Filter>资源文件</Filter>
    </Image>
    <Image Include="res\texture\spacefox\left.png">
      <Filter>资源文件</Filter>
    </Image>
    <Image Include="res\texture\spacefox\right.png">
      <Filter>资源文件</Filter>
    </Image>
    <Image Include="res\texture\spacefox\top.png">
      <Filter>资源文件</Filter>
    </Image>
    <Image Include="res\texture\NightSky\nx.png">
      <Filter>资源文件</Filter>
    </Image>
    <Image Include="res\texture\NightSky\ny.png">
      <Filter>资源文件</Filter>
    </Image>
    <Image Include="res\texture\NightSky\nz.png">
      <Filter>资源文件</Filter>
    </Image>
    <Image Include="res\texture\NightSky\px.png">
      <Filter>资源文件</Filter>
    </Image>
    <Image Include="res\texture\NightSky\py.png">
      <Filter>资源文件</Filter>
    </Image>
    <Image Include="res\texture\NightSky\pz.png">
      <Filter>资源文件</Filter>
    </Image>
    <Image Include="res\texture\NightSky1024\nx.png">
      <Filter>资源文件</Filter>
    </Image>
    <Image Include="res\texture\NightSky1024\ny.png">
      <Filter>资源文件</Filter>
    </Image>
    <Image Include="res\texture\NightSky1024\nz.png">
      <Filter>资源文件</Filter>
    </Image>
    <Image Include="res\texture\NightSky1024\px.png">
      <Filter>资源文件</Filter>
    </Image>
    <Image Include="res\texture\NightSky1024\py.png">
      <Filter>资源文件</Filter>
    </Image>
    <Image Include="res\texture\NightSky1024\pz.png">
      <Filter>资源文件</Filter>
    </Image>
    <Image Include="res\texture\SpaceFox1024\nx.png">
      <Filter>资源文件</Filter>
    </Image>
    <Image Include="res\texture\SpaceFox1024\ny.png">
      <Filter>资源文件</Filter>
    </Image>
    <Image Include="res\texture\SpaceFox1024\nz.png">
      <Filter>资源文件</Filter>
    </Image>
    <Image Include="res\texture\SpaceFox1024\px.png">
      <Filter>资源文件</Filter>
    </Image>
    <Image Include="res\texture\SpaceFox1024\py.png">
      <Filter>资源文件</Filter>
    </Image>
    <Image Include="res\texture\SpaceFox1024\pz.png">
      <Filter>资源文件</Filter>
    </Image>
    <Image Include="res\texture\wood.png">
      <Filter>资源文件</Filter>
    </Image>
    <Image Include="res\texture\NormalMap\brickwall.jpg">
      <Filter>资源文件</Filter>
    </Image>
    <Image Include="res\texture\NormalMap\brickwall_normal.jpg">
      <Filter>资源文件</Filter>
    </Image>
    <Image Include="res\texture\ParallaxMap\bricks2.jpg">
      <Filter>资源文件</Filter>
    </Image>
    <Image Include="res\texture\ParallaxMap\bricks2_disp.jpg">
      <Filter>资源文件</Filter>
    </Image>
    <Image Include="res\texture\ParallaxMap\bricks2_normal.jpg">
      <Filter>资源文件</Filter>
    </Image>
    <Image Include="res\texture\ParallaxMap\toy_box_disp.png">
      <Filter>资源文件</Filter>
    </Image>
    <Image Include="res\texture\ParallaxMap\toy_box_normal.png">
      <Filter>资源文件</Filter>
    </Image>
    <Image Include="res\texture\ParallaxMap\wood.png">
      <Filter>资源文件</Filter>
    </Image>
    <Image Include="res\texture\lens_flare\lens_white.jpg">
      <Filter>资源文件</Filter>
    </Image>
    <Image Include="res\texture\lens_flare\lensflare1.jpg">
      <Filter>资源文件</Filter>
    </Image>
    <Image Include="res\texture\lens_flare\Lens Flare Stock.jpg">
      <Filter>资源文件</Filter>
    </Image>
    <Image Include="res\texture\lens_flare\Starburst Stock.jpg">
      <Filter>资源文件</Filter>
    </Image>
    <Image Include="res\texture\lens_flare\blue Rainbow.jpg">
      <Filter>资源文件</Filter>
    </Image>
    <Image Include="res\texture\lens_flare\lens boom.jpg">
      <Filter>资源文件</Filter>
    </Image>
    <Image Include="res\texture\lens_flare\Prism.jpg">
      <Filter>资源文件</Filter>
    </Image>
    <Image Include="res\texture\lens_flare\Prismatic rays light.jpg">
      <Filter>资源文件</Filter>
    </Image>
    <Image Include="res\texture\lens_flare\sur Flare.jpg">
      <Filter>资源文件</Filter>
    </Image>
    <Image Include="res\texture\lens_flare\lens flare TRY.png">
      <Filter>资源文件</Filter>
    </Image>
    <Image Include="res\texture\lens_flare\sur Flare.png">
      <Filter>资源文件</Filter>
    </Image>
    <Image Include="res\texture\lens_flare\blue Rainbow.png">
      <Filter>资源文件</Filter>
    </Image>
    <Image Include="res\texture\lens_flare\lens_boom.png">
      <Filter>资源文件</Filter>
    </Image>
    <Image Include="res\texture\lens_flare\Lens_Flare_Stock.png">
      <Filter>资源文件</Filter>
    </Image>
    <Image Include="res\texture\lens_flare\flickering blue light.png">
      <Filter>资源文件</Filter>
    </Image>
    <Image Include="res\texture\lens_flare\glow light lens flare.png">
      <Filter>资源文件</Filter>
    </Image>
    <Image Include="res\texture\lens_flare\glow light lens flare(1).png">
      <Filter>资源文件</Filter>
    </Image>
  </ItemGroup>
  <ItemGroup>
    <Object Include="res\model\backpack\backpack.obj" />
  </ItemGroup>
</Project>